<?xml version="1.0" encoding="UTF-8" standalone="yes" ?>
<CodeBlocks_project_file>
   <FileVersion major="1" minor="6" />
   <Project>
      <Option title="catinWorkshop" />
      <Option makefile_is_custom="1" />
      <Option compiler="gcc" />
      <Option virtualFolders="CMake Files\;CMake Files\..\;CMake Files\..\..\;CMake Files\..\..\..\;CMake Files\..\..\..\..\;CMake Files\..\..\..\..\..\;CMake Files\..\..\..\..\..\usr\;CMake Files\..\..\..\..\..\usr\share\;CMake Files\..\..\..\..\..\usr\share\pcl-1.7\;CMake Files\..\..\..\..\..\usr\share\OpenCV\;CMake Files\..\..\..\..\..\usr\lib\;CMake Files\..\..\..\..\..\usr\lib\vtk-5.8\;CMake Files\..\..\..\..\..\usr\lib\vtk-5.8\CMake\;" />
      <Build>
      <Target title="all">
         <Option working_dir="/home/exbot/catkin_ws/src/tools" />
         <Option type="4" />
         <MakeCommands>
            <Build command="/usr/bin/make -f &quot;/home/exbot/catkin_ws/src/tools/Makefile&quot;  VERBOSE=1 all" />
            <CompileFile command="/usr/bin/make -f &quot;/home/exbot/catkin_ws/src/tools/Makefile&quot;  VERBOSE=1 &quot;$file&quot;" />
            <Clean command="/usr/bin/make -f &quot;/home/exbot/catkin_ws/src/tools/Makefile&quot;  VERBOSE=1 clean" />
            <DistClean command="/usr/bin/make -f &quot;/home/exbot/catkin_ws/src/tools/Makefile&quot;  VERBOSE=1 clean" />
         </MakeCommands>
      </Target>
      <Target title="feature">
         <Option output="/home/exbot/catkin_ws/src/tools/feature" prefix_auto="0" extension_auto="0" />
         <Option working_dir="/home/exbot/catkin_ws/src/tools" />
         <Option object_output="./" />
         <Option type="1" />
         <Option compiler="gcc" />
         <Compiler>
            <Add option="-DEIGEN_USE_NEW_STDVECTOR" />
            <Add option="-DEIGEN_YES_I_KNOW_SPARSE_MODULE_IS_NOT_STABLE_YET" />
            <Add option="-DFLANN_STATIC" />
            <Add option="-Dqh_QHpointer" />
            <Add directory="/home/exbot/catkin_ws/src/tools/include" />
            <Add directory="/usr/include" />
            <Add directory="/usr/include/c++/4.8" />
            <Add directory="/usr/include/c++/4.8/backward" />
            <Add directory="/usr/include/eigen3" />
            <Add directory="/usr/include/ni" />
            <Add directory="/usr/include/opencv" />
            <Add directory="/usr/include/openni" />
            <Add directory="/usr/include/pcl-1.7" />
            <Add directory="/usr/include/vtk-5.8" />
            <Add directory="/usr/include/x86_64-linux-gnu" />
            <Add directory="/usr/include/x86_64-linux-gnu/c++/4.8" />
            <Add directory="/usr/lib/gcc/x86_64-linux-gnu/4.8/include" />
            <Add directory="/usr/lib/gcc/x86_64-linux-gnu/4.8/include-fixed" />
            <Add directory="/usr/local/include" />
         </Compiler>
         <MakeCommands>
            <Build command="/usr/bin/make -f &quot;/home/exbot/catkin_ws/src/tools/Makefile&quot;  VERBOSE=1 feature" />
            <CompileFile command="/usr/bin/make -f &quot;/home/exbot/catkin_ws/src/tools/Makefile&quot;  VERBOSE=1 &quot;$file&quot;" />
            <Clean command="/usr/bin/make -f &quot;/home/exbot/catkin_ws/src/tools/Makefile&quot;  VERBOSE=1 clean" />
            <DistClean command="/usr/bin/make -f &quot;/home/exbot/catkin_ws/src/tools/Makefile&quot;  VERBOSE=1 clean" />
         </MakeCommands>
      </Target>
      <Target title="feature/fast">
         <Option output="/home/exbot/catkin_ws/src/tools/feature" prefix_auto="0" extension_auto="0" />
         <Option working_dir="/home/exbot/catkin_ws/src/tools" />
         <Option object_output="./" />
         <Option type="1" />
         <Option compiler="gcc" />
         <Compiler>
            <Add option="-DEIGEN_USE_NEW_STDVECTOR" />
            <Add option="-DEIGEN_YES_I_KNOW_SPARSE_MODULE_IS_NOT_STABLE_YET" />
            <Add option="-DFLANN_STATIC" />
            <Add option="-Dqh_QHpointer" />
            <Add directory="/home/exbot/catkin_ws/src/tools/include" />
            <Add directory="/usr/include" />
            <Add directory="/usr/include/c++/4.8" />
            <Add directory="/usr/include/c++/4.8/backward" />
            <Add directory="/usr/include/eigen3" />
            <Add directory="/usr/include/ni" />
            <Add directory="/usr/include/opencv" />
            <Add directory="/usr/include/openni" />
            <Add directory="/usr/include/pcl-1.7" />
            <Add directory="/usr/include/vtk-5.8" />
            <Add directory="/usr/include/x86_64-linux-gnu" />
            <Add directory="/usr/include/x86_64-linux-gnu/c++/4.8" />
            <Add directory="/usr/lib/gcc/x86_64-linux-gnu/4.8/include" />
            <Add directory="/usr/lib/gcc/x86_64-linux-gnu/4.8/include-fixed" />
            <Add directory="/usr/local/include" />
         </Compiler>
         <MakeCommands>
            <Build command="/usr/bin/make -f &quot;/home/exbot/catkin_ws/src/tools/Makefile&quot;  VERBOSE=1 feature/fast" />
            <CompileFile command="/usr/bin/make -f &quot;/home/exbot/catkin_ws/src/tools/Makefile&quot;  VERBOSE=1 &quot;$file&quot;" />
            <Clean command="/usr/bin/make -f &quot;/home/exbot/catkin_ws/src/tools/Makefile&quot;  VERBOSE=1 clean" />
            <DistClean command="/usr/bin/make -f &quot;/home/exbot/catkin_ws/src/tools/Makefile&quot;  VERBOSE=1 clean" />
         </MakeCommands>
      </Target>
      <Target title="imgToPointCloud">
         <Option output="/home/exbot/catkin_ws/src/tools/imgToPointCloud" prefix_auto="0" extension_auto="0" />
         <Option working_dir="/home/exbot/catkin_ws/src/tools" />
         <Option object_output="./" />
         <Option type="1" />
         <Option compiler="gcc" />
         <Compiler>
            <Add option="-DEIGEN_USE_NEW_STDVECTOR" />
            <Add option="-DEIGEN_YES_I_KNOW_SPARSE_MODULE_IS_NOT_STABLE_YET" />
            <Add option="-DFLANN_STATIC" />
            <Add option="-Dqh_QHpointer" />
            <Add directory="/home/exbot/catkin_ws/src/tools/include" />
            <Add directory="/usr/include" />
            <Add directory="/usr/include/c++/4.8" />
            <Add directory="/usr/include/c++/4.8/backward" />
            <Add directory="/usr/include/eigen3" />
            <Add directory="/usr/include/ni" />
            <Add directory="/usr/include/opencv" />
            <Add directory="/usr/include/openni" />
            <Add directory="/usr/include/pcl-1.7" />
            <Add directory="/usr/include/vtk-5.8" />
            <Add directory="/usr/include/x86_64-linux-gnu" />
            <Add directory="/usr/include/x86_64-linux-gnu/c++/4.8" />
            <Add directory="/usr/lib/gcc/x86_64-linux-gnu/4.8/include" />
            <Add directory="/usr/lib/gcc/x86_64-linux-gnu/4.8/include-fixed" />
            <Add directory="/usr/local/include" />
         </Compiler>
         <MakeCommands>
            <Build command="/usr/bin/make -f &quot;/home/exbot/catkin_ws/src/tools/Makefile&quot;  VERBOSE=1 imgToPointCloud" />
            <CompileFile command="/usr/bin/make -f &quot;/home/exbot/catkin_ws/src/tools/Makefile&quot;  VERBOSE=1 &quot;$file&quot;" />
            <Clean command="/usr/bin/make -f &quot;/home/exbot/catkin_ws/src/tools/Makefile&quot;  VERBOSE=1 clean" />
            <DistClean command="/usr/bin/make -f &quot;/home/exbot/catkin_ws/src/tools/Makefile&quot;  VERBOSE=1 clean" />
         </MakeCommands>
      </Target>
      <Target title="imgToPointCloud/fast">
         <Option output="/home/exbot/catkin_ws/src/tools/imgToPointCloud" prefix_auto="0" extension_auto="0" />
         <Option working_dir="/home/exbot/catkin_ws/src/tools" />
         <Option object_output="./" />
         <Option type="1" />
         <Option compiler="gcc" />
         <Compiler>
            <Add option="-DEIGEN_USE_NEW_STDVECTOR" />
            <Add option="-DEIGEN_YES_I_KNOW_SPARSE_MODULE_IS_NOT_STABLE_YET" />
            <Add option="-DFLANN_STATIC" />
            <Add option="-Dqh_QHpointer" />
            <Add directory="/home/exbot/catkin_ws/src/tools/include" />
            <Add directory="/usr/include" />
            <Add directory="/usr/include/c++/4.8" />
            <Add directory="/usr/include/c++/4.8/backward" />
            <Add directory="/usr/include/eigen3" />
            <Add directory="/usr/include/ni" />
            <Add directory="/usr/include/opencv" />
            <Add directory="/usr/include/openni" />
            <Add directory="/usr/include/pcl-1.7" />
            <Add directory="/usr/include/vtk-5.8" />
            <Add directory="/usr/include/x86_64-linux-gnu" />
            <Add directory="/usr/include/x86_64-linux-gnu/c++/4.8" />
            <Add directory="/usr/lib/gcc/x86_64-linux-gnu/4.8/include" />
            <Add directory="/usr/lib/gcc/x86_64-linux-gnu/4.8/include-fixed" />
            <Add directory="/usr/local/include" />
         </Compiler>
         <MakeCommands>
            <Build command="/usr/bin/make -f &quot;/home/exbot/catkin_ws/src/tools/Makefile&quot;  VERBOSE=1 imgToPointCloud/fast" />
            <CompileFile command="/usr/bin/make -f &quot;/home/exbot/catkin_ws/src/tools/Makefile&quot;  VERBOSE=1 &quot;$file&quot;" />
            <Clean command="/usr/bin/make -f &quot;/home/exbot/catkin_ws/src/tools/Makefile&quot;  VERBOSE=1 clean" />
            <DistClean command="/usr/bin/make -f &quot;/home/exbot/catkin_ws/src/tools/Makefile&quot;  VERBOSE=1 clean" />
         </MakeCommands>
      </Target>
      <Target title="rebuild_cache">
         <Option working_dir="/home/exbot/catkin_ws/src/tools" />
         <Option type="4" />
         <MakeCommands>
            <Build command="/usr/bin/make -f &quot;/home/exbot/catkin_ws/src/tools/Makefile&quot;  VERBOSE=1 rebuild_cache" />
            <CompileFile command="/usr/bin/make -f &quot;/home/exbot/catkin_ws/src/tools/Makefile&quot;  VERBOSE=1 &quot;$file&quot;" />
            <Clean command="/usr/bin/make -f &quot;/home/exbot/catkin_ws/src/tools/Makefile&quot;  VERBOSE=1 clean" />
            <DistClean command="/usr/bin/make -f &quot;/home/exbot/catkin_ws/src/tools/Makefile&quot;  VERBOSE=1 clean" />
         </MakeCommands>
      </Target>
      <Target title="utilities">
         <Option output="/home/exbot/catkin_ws/src/tools/libutilities.so" prefix_auto="0" extension_auto="0" />
         <Option working_dir="/home/exbot/catkin_ws/src/tools" />
         <Option object_output="./" />
         <Option type="3" />
         <Option compiler="gcc" />
         <Compiler>
            <Add option="-DEIGEN_USE_NEW_STDVECTOR" />
            <Add option="-DEIGEN_YES_I_KNOW_SPARSE_MODULE_IS_NOT_STABLE_YET" />
            <Add option="-DFLANN_STATIC" />
            <Add option="-Dqh_QHpointer" />
            <Add directory="/home/exbot/catkin_ws/src/tools/include" />
            <Add directory="/usr/include" />
            <Add directory="/usr/include/c++/4.8" />
            <Add directory="/usr/include/c++/4.8/backward" />
            <Add directory="/usr/include/eigen3" />
            <Add directory="/usr/include/ni" />
            <Add directory="/usr/include/opencv" />
            <Add directory="/usr/include/openni" />
            <Add directory="/usr/include/pcl-1.7" />
            <Add directory="/usr/include/vtk-5.8" />
            <Add directory="/usr/include/x86_64-linux-gnu" />
            <Add directory="/usr/include/x86_64-linux-gnu/c++/4.8" />
            <Add directory="/usr/lib/gcc/x86_64-linux-gnu/4.8/include" />
            <Add directory="/usr/lib/gcc/x86_64-linux-gnu/4.8/include-fixed" />
            <Add directory="/usr/local/include" />
         </Compiler>
         <MakeCommands>
            <Build command="/usr/bin/make -f &quot;/home/exbot/catkin_ws/src/tools/Makefile&quot;  VERBOSE=1 utilities" />
            <CompileFile command="/usr/bin/make -f &quot;/home/exbot/catkin_ws/src/tools/Makefile&quot;  VERBOSE=1 &quot;$file&quot;" />
            <Clean command="/usr/bin/make -f &quot;/home/exbot/catkin_ws/src/tools/Makefile&quot;  VERBOSE=1 clean" />
            <DistClean command="/usr/bin/make -f &quot;/home/exbot/catkin_ws/src/tools/Makefile&quot;  VERBOSE=1 clean" />
         </MakeCommands>
      </Target>
      <Target title="utilities/fast">
         <Option output="/home/exbot/catkin_ws/src/tools/libutilities.so" prefix_auto="0" extension_auto="0" />
         <Option working_dir="/home/exbot/catkin_ws/src/tools" />
         <Option object_output="./" />
         <Option type="3" />
         <Option compiler="gcc" />
         <Compiler>
            <Add option="-DEIGEN_USE_NEW_STDVECTOR" />
            <Add option="-DEIGEN_YES_I_KNOW_SPARSE_MODULE_IS_NOT_STABLE_YET" />
            <Add option="-DFLANN_STATIC" />
            <Add option="-Dqh_QHpointer" />
            <Add directory="/home/exbot/catkin_ws/src/tools/include" />
            <Add directory="/usr/include" />
            <Add directory="/usr/include/c++/4.8" />
            <Add directory="/usr/include/c++/4.8/backward" />
            <Add directory="/usr/include/eigen3" />
            <Add directory="/usr/include/ni" />
            <Add directory="/usr/include/opencv" />
            <Add directory="/usr/include/openni" />
            <Add directory="/usr/include/pcl-1.7" />
            <Add directory="/usr/include/vtk-5.8" />
            <Add directory="/usr/include/x86_64-linux-gnu" />
            <Add directory="/usr/include/x86_64-linux-gnu/c++/4.8" />
            <Add directory="/usr/lib/gcc/x86_64-linux-gnu/4.8/include" />
            <Add directory="/usr/lib/gcc/x86_64-linux-gnu/4.8/include-fixed" />
            <Add directory="/usr/local/include" />
         </Compiler>
         <MakeCommands>
            <Build command="/usr/bin/make -f &quot;/home/exbot/catkin_ws/src/tools/Makefile&quot;  VERBOSE=1 utilities/fast" />
            <CompileFile command="/usr/bin/make -f &quot;/home/exbot/catkin_ws/src/tools/Makefile&quot;  VERBOSE=1 &quot;$file&quot;" />
            <Clean command="/usr/bin/make -f &quot;/home/exbot/catkin_ws/src/tools/Makefile&quot;  VERBOSE=1 clean" />
            <DistClean command="/usr/bin/make -f &quot;/home/exbot/catkin_ws/src/tools/Makefile&quot;  VERBOSE=1 clean" />
         </MakeCommands>
      </Target>
      </Build>
      <Unit filename="/home/exbot/catkin_ws/src/tools/src/app/feature.cpp">
      </Unit>
      <Unit filename="/home/exbot/catkin_ws/src/tools/src/app/imgTopointCloud.cpp">
      </Unit>
      <Unit filename="/home/exbot/catkin_ws/src/tools/src/utilities/utilities.cpp">
      </Unit>
      <Unit filename="/home/exbot/catkin_ws/src/tools/CMakeLists.txt">
          <Option virtualFolder="CMake Files\" />
      </Unit>
      <Unit filename="/home/exbot/catkin_ws/src/tools/../../../../../usr/share/pcl-1.7/PCLConfigVersion.cmake">
          <Option virtualFolder="CMake Files\..\..\..\..\..\usr\share\pcl-1.7\" />
      </Unit>
      <Unit filename="/home/exbot/catkin_ws/src/tools/../../../../../usr/share/pcl-1.7/PCLConfig.cmake">
          <Option virtualFolder="CMake Files\..\..\..\..\..\usr\share\pcl-1.7\" />
      </Unit>
      <Unit filename="/home/exbot/catkin_ws/src/tools/../../../../../usr/share/OpenCV/OpenCVConfig-version.cmake">
          <Option virtualFolder="CMake Files\..\..\..\..\..\usr\share\OpenCV\" />
      </Unit>
      <Unit filename="/home/exbot/catkin_ws/src/tools/../../../../../usr/share/OpenCV/OpenCVConfig.cmake">
          <Option virtualFolder="CMake Files\..\..\..\..\..\usr\share\OpenCV\" />
      </Unit>
      <Unit filename="/home/exbot/catkin_ws/src/tools/../../../../../usr/share/OpenCV/OpenCVModules.cmake">
          <Option virtualFolder="CMake Files\..\..\..\..\..\usr\share\OpenCV\" />
      </Unit>
      <Unit filename="/home/exbot/catkin_ws/src/tools/../../../../../usr/share/OpenCV/OpenCVModules-release.cmake">
          <Option virtualFolder="CMake Files\..\..\..\..\..\usr\share\OpenCV\" />
      </Unit>
      <Unit filename="/home/exbot/catkin_ws/src/tools/../../../../../usr/lib/vtk-5.8/VTKConfigVersion.cmake">
          <Option virtualFolder="CMake Files\..\..\..\..\..\usr\lib\vtk-5.8\" />
      </Unit>
      <Unit filename="/home/exbot/catkin_ws/src/tools/../../../../../usr/lib/vtk-5.8/VTKConfig.cmake">
          <Option virtualFolder="CMake Files\..\..\..\..\..\usr\lib\vtk-5.8\" />
      </Unit>
      <Unit filename="/home/exbot/catkin_ws/src/tools/../../../../../usr/lib/vtk-5.8/VTKConfig-Java.cmake">
          <Option virtualFolder="CMake Files\..\..\..\..\..\usr\lib\vtk-5.8\" />
      </Unit>
      <Unit filename="/home/exbot/catkin_ws/src/tools/../../../../../usr/lib/vtk-5.8/VTKConfig-Python.cmake">
          <Option virtualFolder="CMake Files\..\..\..\..\..\usr\lib\vtk-5.8\" />
      </Unit>
      <Unit filename="/home/exbot/catkin_ws/src/tools/../../../../../usr/lib/vtk-5.8/VTKConfig-Tcl.cmake">
          <Option virtualFolder="CMake Files\..\..\..\..\..\usr\lib\vtk-5.8\" />
      </Unit>
      <Unit filename="/home/exbot/catkin_ws/src/tools/../../../../../usr/lib/vtk-5.8/VTKConfigQt.cmake">
          <Option virtualFolder="CMake Files\..\..\..\..\..\usr\lib\vtk-5.8\" />
      </Unit>
      <Unit filename="/home/exbot/catkin_ws/src/tools/../../../../../usr/lib/vtk-5.8/VTKTargets.cmake">
          <Option virtualFolder="CMake Files\..\..\..\..\..\usr\lib\vtk-5.8\" />
      </Unit>
      <Unit filename="/home/exbot/catkin_ws/src/tools/../../../../../usr/lib/vtk-5.8/VTKTargets-release.cmake">
          <Option virtualFolder="CMake Files\..\..\..\..\..\usr\lib\vtk-5.8\" />
      </Unit>
      <Unit filename="/home/exbot/catkin_ws/src/tools/../../../../../usr/lib/vtk-5.8/UseVTK.cmake">
          <Option virtualFolder="CMake Files\..\..\..\..\..\usr\lib\vtk-5.8\" />
      </Unit>
      <Unit filename="/home/exbot/catkin_ws/src/tools/../../../../../usr/lib/vtk-5.8/VTKConfigVersion.cmake">
          <Option virtualFolder="CMake Files\..\..\..\..\..\usr\lib\vtk-5.8\" />
      </Unit>
      <Unit filename="/home/exbot/catkin_ws/src/tools/../../../../../usr/lib/vtk-5.8/VTKConfig.cmake">
          <Option virtualFolder="CMake Files\..\..\..\..\..\usr\lib\vtk-5.8\" />
      </Unit>
      <Unit filename="/home/exbot/catkin_ws/src/tools/../../../../../usr/lib/vtk-5.8/VTKConfig-Java.cmake">
          <Option virtualFolder="CMake Files\..\..\..\..\..\usr\lib\vtk-5.8\" />
      </Unit>
      <Unit filename="/home/exbot/catkin_ws/src/tools/../../../../../usr/lib/vtk-5.8/VTKConfig-Python.cmake">
          <Option virtualFolder="CMake Files\..\..\..\..\..\usr\lib\vtk-5.8\" />
      </Unit>
      <Unit filename="/home/exbot/catkin_ws/src/tools/../../../../../usr/lib/vtk-5.8/VTKConfig-Tcl.cmake">
          <Option virtualFolder="CMake Files\..\..\..\..\..\usr\lib\vtk-5.8\" />
      </Unit>
      <Unit filename="/home/exbot/catkin_ws/src/tools/../../../../../usr/lib/vtk-5.8/VTKConfigQt.cmake">
          <Option virtualFolder="CMake Files\..\..\..\..\..\usr\lib\vtk-5.8\" />
      </Unit>
      <Unit filename="/home/exbot/catkin_ws/src/tools/../../../../../usr/lib/vtk-5.8/UseVTK.cmake">
          <Option virtualFolder="CMake Files\..\..\..\..\..\usr\lib\vtk-5.8\" />
      </Unit>
      <Unit filename="/home/exbot/catkin_ws/src/tools/../../../../../usr/lib/vtk-5.8/VTKConfigVersion.cmake">
          <Option virtualFolder="CMake Files\..\..\..\..\..\usr\lib\vtk-5.8\" />
      </Unit>
      <Unit filename="/home/exbot/catkin_ws/src/tools/../../../../../usr/lib/vtk-5.8/VTKConfig.cmake">
          <Option virtualFolder="CMake Files\..\..\..\..\..\usr\lib\vtk-5.8\" />
      </Unit>
      <Unit filename="/home/exbot/catkin_ws/src/tools/../../../../../usr/lib/vtk-5.8/VTKConfig-Java.cmake">
          <Option virtualFolder="CMake Files\..\..\..\..\..\usr\lib\vtk-5.8\" />
      </Unit>
      <Unit filename="/home/exbot/catkin_ws/src/tools/../../../../../usr/lib/vtk-5.8/VTKConfig-Python.cmake">
          <Option virtualFolder="CMake Files\..\..\..\..\..\usr\lib\vtk-5.8\" />
      </Unit>
      <Unit filename="/home/exbot/catkin_ws/src/tools/../../../../../usr/lib/vtk-5.8/VTKConfig-Tcl.cmake">
          <Option virtualFolder="CMake Files\..\..\..\..\..\usr\lib\vtk-5.8\" />
      </Unit>
      <Unit filename="/home/exbot/catkin_ws/src/tools/../../../../../usr/lib/vtk-5.8/VTKConfigQt.cmake">
          <Option virtualFolder="CMake Files\..\..\..\..\..\usr\lib\vtk-5.8\" />
      </Unit>
      <Unit filename="/home/exbot/catkin_ws/src/tools/../../../../../usr/lib/vtk-5.8/UseVTK.cmake">
          <Option virtualFolder="CMake Files\..\..\..\..\..\usr\lib\vtk-5.8\" />
      </Unit>
      <Unit filename="/home/exbot/catkin_ws/src/tools/../../../../../usr/lib/vtk-5.8/CMake/vtkMakeInstantiator.cmake">
          <Option virtualFolder="CMake Files\..\..\..\..\..\usr\lib\vtk-5.8\CMake\" />
      </Unit>
   </Project>
</CodeBlocks_project_file>
